// !$*UTF8*$!
{
	archiveVersion = 1;
	classes = {
	};
	objectVersion = 55;
	objects = {

/* Begin PBXBuildFile section */
		0F0A3171FC60FE508C35CC2C /* libPods-GoogleMapsWrongReverseGeocoding.a in Frameworks */ = {isa = PBXBuildFile; fileRef = 828E00C6B089E2CD84DECBB9 /* libPods-GoogleMapsWrongReverseGeocoding.a */; };
		DA32F72B28586829006B7D29 /* GoogleMapsReverseGeocodingIssue.swift in Sources */ = {isa = PBXBuildFile; fileRef = DA32F72A28586829006B7D29 /* GoogleMapsReverseGeocodingIssue.swift */; };
		DAD0D89A285865AF0077C3C1 /* AppDelegate.swift in Sources */ = {isa = PBXBuildFile; fileRef = DAD0D899285865AF0077C3C1 /* AppDelegate.swift */; };
		DAD0D89C285865AF0077C3C1 /* SceneDelegate.swift in Sources */ = {isa = PBXBuildFile; fileRef = DAD0D89B285865AF0077C3C1 /* SceneDelegate.swift */; };
		DAD0D89E285865AF0077C3C1 /* ViewController.swift in Sources */ = {isa = PBXBuildFile; fileRef = DAD0D89D285865AF0077C3C1 /* ViewController.swift */; };
		DAD0D8A1285865AF0077C3C1 /* Main.storyboard in Resources */ = {isa = PBXBuildFile; fileRef = DAD0D89F285865AF0077C3C1 /* Main.storyboard */; };
		DAD0D8A3285865B20077C3C1 /* Assets.xcassets in Resources */ = {isa = PBXBuildFile; fileRef = DAD0D8A2285865B20077C3C1 /* Assets.xcassets */; };
		DAD0D8A6285865B20077C3C1 /* LaunchScreen.storyboard in Resources */ = {isa = PBXBuildFile; fileRef = DAD0D8A4285865B20077C3C1 /* LaunchScreen.storyboard */; };
/* End PBXBuildFile section */

/* Begin PBXFileReference section */
		828E00C6B089E2CD84DECBB9 /* libPods-GoogleMapsWrongReverseGeocoding.a */ = {isa = PBXFileReference; explicitFileType = archive.ar; includeInIndex = 0; path = "libPods-GoogleMapsWrongReverseGeocoding.a"; sourceTree = BUILT_PRODUCTS_DIR; };
		AA312B3FA95544D765D02A5C /* Pods-GoogleMapsWrongReverseGeocoding.release.xcconfig */ = {isa = PBXFileReference; includeInIndex = 1; lastKnownFileType = text.xcconfig; name = "Pods-GoogleMapsWrongReverseGeocoding.release.xcconfig"; path = "Target Support Files/Pods-GoogleMapsWrongReverseGeocoding/Pods-GoogleMapsWrongReverseGeocoding.release.xcconfig"; sourceTree = "<group>"; };
		BB881AC93E4FA8A2257B603D /* Pods-GoogleMapsWrongReverseGeocoding.debug.xcconfig */ = {isa = PBXFileReference; includeInIndex = 1; lastKnownFileType = text.xcconfig; name = "Pods-GoogleMapsWrongReverseGeocoding.debug.xcconfig"; path = "Target Support Files/Pods-GoogleMapsWrongReverseGeocoding/Pods-GoogleMapsWrongReverseGeocoding.debug.xcconfig"; sourceTree = "<group>"; };
		DA32F72A28586829006B7D29 /* GoogleMapsReverseGeocodingIssue.swift */ = {isa = PBXFileReference; lastKnownFileType = sourcecode.swift; path = GoogleMapsReverseGeocodingIssue.swift; sourceTree = "<group>"; };
		DAD0D896285865AF0077C3C1 /* GoogleMapsWrongReverseGeocoding.app */ = {isa = PBXFileReference; explicitFileType = wrapper.application; includeInIndex = 0; path = GoogleMapsWrongReverseGeocoding.app; sourceTree = BUILT_PRODUCTS_DIR; };
		DAD0D899285865AF0077C3C1 /* AppDelegate.swift */ = {isa = PBXFileReference; lastKnownFileType = sourcecode.swift; path = AppDelegate.swift; sourceTree = "<group>"; };
		DAD0D89B285865AF0077C3C1 /* SceneDelegate.swift */ = {isa = PBXFileReference; lastKnownFileType = sourcecode.swift; path = SceneDelegate.swift; sourceTree = "<group>"; };
		DAD0D89D285865AF0077C3C1 /* ViewController.swift */ = {isa = PBXFileReference; lastKnownFileType = sourcecode.swift; path = ViewController.swift; sourceTree = "<group>"; };
		DAD0D8A0285865AF0077C3C1 /* Base */ = {isa = PBXFileReference; lastKnownFileType = file.storyboard; name = Base; path = Base.lproj/Main.storyboard; sourceTree = "<group>"; };
		DAD0D8A2285865B20077C3C1 /* Assets.xcassets */ = {isa = PBXFileReference; lastKnownFileType = folder.assetcatalog; path = Assets.xcassets; sourceTree = "<group>"; };
		DAD0D8A5285865B20077C3C1 /* Base */ = {isa = PBXFileReference; lastKnownFileType = file.storyboard; name = Base; path = Base.lproj/LaunchScreen.storyboard; sourceTree = "<group>"; };
		DAD0D8A7285865B20077C3C1 /* Info.plist */ = {isa = PBXFileReference; lastKnownFileType = text.plist.xml; path = Info.plist; sourceTree = "<group>"; };
/* End PBXFileReference section */

/* Begin PBXFrameworksBuildPhase section */
		DAD0D893285865AF0077C3C1 /* Frameworks */ = {
			isa = PBXFrameworksBuildPhase;
			buildActionMask = 2147483647;
			files = (
				0F0A3171FC60FE508C35CC2C /* libPods-GoogleMapsWrongReverseGeocoding.a in Frameworks */,
			);
			runOnlyForDeploymentPostprocessing = 0;
		};
/* End PBXFrameworksBuildPhase section */

/* Begin PBXGroup section */
		3D5EEE1948510CFA9351F1EA /* Pods */ = {
			isa = PBXGroup;
			children = (
				BB881AC93E4FA8A2257B603D /* Pods-GoogleMapsWrongReverseGeocoding.debug.xcconfig */,
				AA312B3FA95544D765D02A5C /* Pods-GoogleMapsWrongReverseGeocoding.release.xcconfig */,
			);
			path = Pods;
			sourceTree = "<group>";
		};
		CA0152BDC97EB4428CE10C48 /* Frameworks */ = {
			isa = PBXGroup;
			children = (
				828E00C6B089E2CD84DECBB9 /* libPods-GoogleMapsWrongReverseGeocoding.a */,
			);
			name = Frameworks;
			sourceTree = "<group>";
		};
		DAD0D88D285865AF0077C3C1 = {
			isa = PBXGroup;
			children = (
				DAD0D898285865AF0077C3C1 /* GoogleMapsWrongReverseGeocoding */,
				DAD0D897285865AF0077C3C1 /* Products */,
				3D5EEE1948510CFA9351F1EA /* Pods */,
				CA0152BDC97EB4428CE10C48 /* Frameworks */,
			);
			sourceTree = "<group>";
		};
		DAD0D897285865AF0077C3C1 /* Products */ = {
			isa = PBXGroup;
			children = (
				DAD0D896285865AF0077C3C1 /* GoogleMapsWrongReverseGeocoding.app */,
			);
			name = Products;
			sourceTree = "<group>";
		};
		DAD0D898285865AF0077C3C1 /* GoogleMapsWrongReverseGeocoding */ = {
			isa = PBXGroup;
			children = (
				DAD0D899285865AF0077C3C1 /* AppDelegate.swift */,
				DAD0D89B285865AF0077C3C1 /* SceneDelegate.swift */,
				DAD0D89D285865AF0077C3C1 /* ViewController.swift */,
				DAD0D89F285865AF0077C3C1 /* Main.storyboard */,
				DAD0D8A2285865B20077C3C1 /* Assets.xcassets */,
				DAD0D8A4285865B20077C3C1 /* LaunchScreen.storyboard */,
				DAD0D8A7285865B20077C3C1 /* Info.plist */,
			);
			path = GoogleMapsWrongReverseGeocoding;
			sourceTree = "<group>";
		};
/* End PBXGroup section */

/* Begin PBXNativeTarget section */
		DAD0D895285865AF0077C3C1 /* GoogleMapsWrongReverseGeocoding */ = {
			isa = PBXNativeTarget;
			buildConfigurationList = DAD0D8AA285865B20077C3C1 /* Build configuration list for PBXNativeTarget "GoogleMapsWrongReverseGeocoding" */;
			buildPhases = (
				458B50C8E07B27F70F845B2C /* [CP] Check Pods Manifest.lock */,
				DAD0D892285865AF0077C3C1 /* Sources */,
				DAD0D893285865AF0077C3C1 /* Frameworks */,
				DAD0D894285865AF0077C3C1 /* Resources */,
				D3AB7F5064F52FF54E369CB5 /* [CP] Copy Pods Resources */,
			);
			buildRules = (
			);
			dependencies = (
			);
			name = GoogleMapsWrongReverseGeocoding;
			productName = GoogleMapsWrongReverseGeocoding;
			productReference = DAD0D896285865AF0077C3C1 /* GoogleMapsWrongReverseGeocoding.app */;
			productType = "com.apple.product-type.application";
		};
/* End PBXNativeTarget section */

/* Begin PBXProject section */
		DAD0D88E285865AF0077C3C1 /* Project object */ = {
			isa = PBXProject;
			attributes = {
				BuildIndependentTargetsInParallel = 1;
				LastSwiftUpdateCheck = 1340;
				LastUpgradeCheck = 1340;
				TargetAttributes = {
					DAD0D895285865AF0077C3C1 = {
						CreatedOnToolsVersion = 13.4.1;
					};
				};
			};
			buildConfigurationList = DAD0D891285865AF0077C3C1 /* Build configuration list for PBXProject "GoogleMapsWrongReverseGeocoding" */;
			compatibilityVersion = "Xcode 13.0";
			developmentRegion = en;
			hasScannedForEncodings = 0;
			knownRegions = (
				en,
				Base,
			);
			mainGroup = DAD0D88D285865AF0077C3C1;
			productRefGroup = DAD0D897285865AF0077C3C1 /* Products */;
			projectDirPath = "";
			projectRoot = "";
			targets = (
				DAD0D895285865AF0077C3C1 /* GoogleMapsWrongReverseGeocoding */,
			);
		};
/* End PBXProject section */

/* Begin PBXResourcesBuildPhase section */
		DAD0D894285865AF0077C3C1 /* Resources */ = {
			isa = PBXResourcesBuildPhase;
			buildActionMask = 2147483647;
			files = (
				DAD0D8A6285865B20077C3C1 /* LaunchScreen.storyboard in Resources */,
				DAD0D8A3285865B20077C3C1 /* Assets.xcassets in Resources */,
				DAD0D8A1285865AF0077C3C1 /* Main.storyboard in Resources */,
			);
			runOnlyForDeploymentPostprocessing = 0;
		};
/* End PBXResourcesBuildPhase section */

/* Begin PBXShellScriptBuildPhase section */
		458B50C8E07B27F70F845B2C /* [CP] Check Pods Manifest.lock */ = {
			isa = PBXShellScriptBuildPhase;
			buildActionMask = 2147483647;
			files = (
			);
			inputFileListPaths = (
			);
			inputPaths = (
				"${PODS_PODFILE_DIR_PATH}/Podfile.lock",
				"${PODS_ROOT}/Manifest.lock",
			);
			name = "[CP] Check Pods Manifest.lock";
			outputFileListPaths = (
			);
			outputPaths = (
				"$(DERIVED_FILE_DIR)/Pods-GoogleMapsWrongReverseGeocoding-checkManifestLockResult.txt",
			);
			runOnlyForDeploymentPostprocessing = 0;
			shellPath = /bin/sh;
			shellScript = "diff \"${PODS_PODFILE_DIR_PATH}/Podfile.lock\" \"${PODS_ROOT}/Manifest.lock\" > /dev/null\nif [ $? != 0 ] ; then\n    # print error to STDERR\n    echo \"error: The sandbox is not in sync with the Podfile.lock. Run 'pod install' or update your CocoaPods installation.\" >&2\n    exit 1\nfi\n# This output is used by Xcode 'outputs' to avoid re-running this script phase.\necho \"SUCCESS\" > \"${SCRIPT_OUTPUT_FILE_0}\"\n";
			showEnvVarsInLog = 0;
		};
		D3AB7F5064F52FF54E369CB5 /* [CP] Copy Pods Resources */ = {
			isa = PBXShellScriptBuildPhase;
			buildActionMask = 2147483647;
			files = (
			);
			inputFileListPaths = (
				"${PODS_ROOT}/Target Support Files/Pods-GoogleMapsWrongReverseGeocoding/Pods-GoogleMapsWrongReverseGeocoding-resources-${CONFIGURATION}-input-files.xcfilelist",
			);
			name = "[CP] Copy Pods Resources";
			outputFileListPaths = (
				"${PODS_ROOT}/Target Support Files/Pods-GoogleMapsWrongReverseGeocoding/Pods-GoogleMapsWrongReverseGeocoding-resources-${CONFIGURATION}-output-files.xcfilelist",
			);
			runOnlyForDeploymentPostprocessing = 0;
			shellPath = /bin/sh;
			shellScript = "\"${PODS_ROOT}/Target Support Files/Pods-GoogleMapsWrongReverseGeocoding/Pods-GoogleMapsWrongReverseGeocoding-resources.sh\"\n";
			showEnvVarsInLog = 0;
		};
/* End PBXShellScriptBuildPhase section */

/* Begin PBXSourcesBuildPhase section */
		DAD0D892285865AF0077C3C1 /* Sources */ = {
			isa = PBXSourcesBuildPhase;
			buildActionMask = 2147483647;
			files = (
				DAD0D89E285865AF0077C3C1 /* ViewController.swift in Sources */,
				DAD0D89A285865AF0077C3C1 /* AppDelegate.swift in Sources */,
				DAD0D89C285865AF0077C3C1 /* SceneDelegate.swift in Sources */,
			);
			runOnlyForDeploymentPostprocessing = 0;
		};
/* End PBXSourcesBuildPhase section */

/* Begin PBXVariantGroup section */
		DAD0D89F285865AF0077C3C1 /* Main.storyboard */ = {
			isa = PBXVariantGroup;
			children = (
				DAD0D8A0285865AF0077C3C1 /* Base */,
			);
			name = Main.storyboard;
			sourceTree = "<group>";
		};
		DAD0D8A4285865B20077C3C1 /* LaunchScreen.storyboard */ = {
			isa = PBXVariantGroup;
			children = (
				DAD0D8A5285865B20077C3C1 /* Base */,
			);
			name = LaunchScreen.storyboard;
			sourceTree = "<group>";
		};
/* End PBXVariantGroup section */

/* Begin XCBuildConfiguration section */
		DAD0D8A8285865B20077C3C1 /* Debug */ = {
			isa = XCBuildConfiguration;
			buildSettings = {
				ALWAYS_SEARCH_USER_PATHS = NO;
				CLANG_ANALYZER_NONNULL = YES;
				CLANG_ANALYZER_NUMBER_OBJECT_CONVERSION = YES_AGGRESSIVE;
				CLANG_CXX_LANGUAGE_STANDARD = "gnu++17";
				CLANG_ENABLE_MODULES = YES;
				CLANG_ENABLE_OBJC_ARC = YES;
				CLANG_ENABLE_OBJC_WEAK = YES;
				CLANG_WARN_BLOCK_CAPTURE_AUTORELEASING = YES;
				CLANG_WARN_BOOL_CONVERSION = YES;
				CLANG_WARN_COMMA = YES;
				CLANG_WARN_CONSTANT_CONVERSION = YES;
				CLANG_WARN_DEPRECATED_OBJC_IMPLEMENTATIONS = YES;
				CLANG_WARN_DIRECT_OBJC_ISA_USAGE = YES_ERROR;
				CLANG_WARN_DOCUMENTATION_COMMENTS = YES;
				CLANG_WARN_EMPTY_BODY = YES;
				CLANG_WARN_ENUM_CONVERSION = YES;
				CLANG_WARN_INFINITE_RECURSION = YES;
				CLANG_WARN_INT_CONVERSION = YES;
				CLANG_WARN_NON_LITERAL_NULL_CONVERSION = YES;
				CLANG_WARN_OBJC_IMPLICIT_RETAIN_SELF = YES;
				CLANG_WARN_OBJC_LITERAL_CONVERSION = YES;
				CLANG_WARN_OBJC_ROOT_CLASS = YES_ERROR;
				CLANG_WARN_QUOTED_INCLUDE_IN_FRAMEWORK_HEADER = YES;
				CLANG_WARN_RANGE_LOOP_ANALYSIS = YES;
				CLANG_WARN_STRICT_PROTOTYPES = YES;
				CLANG_WARN_SUSPICIOUS_MOVE = YES;
				CLANG_WARN_UNGUARDED_AVAILABILITY = YES_AGGRESSIVE;
				CLANG_WARN_UNREACHABLE_CODE = YES;
				CLANG_WARN__DUPLICATE_METHOD_MATCH = YES;
				COPY_PHASE_STRIP = NO;
				DEBUG_INFORMATION_FORMAT = dwarf;
				ENABLE_STRICT_OBJC_MSGSEND = YES;
				ENABLE_TESTABILITY = YES;
				GCC_C_LANGUAGE_STANDARD = gnu11;
				GCC_DYNAMIC_NO_PIC = NO;
				GCC_NO_COMMON_BLOCKS = YES;
				GCC_OPTIMIZATION_LEVEL = 0;
				GCC_PREPROCESSOR_DEFINITIONS = (
					"DEBUG=1",
					"$(inherited)",
				);
				GCC_WARN_64_TO_32_BIT_CONVERSION = YES;
				GCC_WARN_ABOUT_RETURN_TYPE = YES_ERROR;
				GCC_WARN_UNDECLARED_SELECTOR = YES;
				GCC_WARN_UNINITIALIZED_AUTOS = YES_AGGRESSIVE;
				GCC_WARN_UNUSED_FUNCTION = YES;
				GCC_WARN_UNUSED_VARIABLE = YES;
				IPHONEOS_DEPLOYMENT_TARGET = 15.5;
				MTL_ENABLE_DEBUG_INFO = INCLUDE_SOURCE;
				MTL_FAST_MATH = YES;
				ONLY_ACTIVE_ARCH = YES;
				SDKROOT = iphoneos;
				SWIFT_ACTIVE_COMPILATION_CONDITIONS = DEBUG;
				SWIFT_OPTIMIZATION_LEVEL = "-Onone";
			};
			name = Debug;
		};
		DAD0D8A9285865B20077C3C1 /* Release */ = {
			isa = XCBuildConfiguration;
			buildSettings = {
				ALWAYS_SEARCH_USER_PATHS = NO;
				CLANG_ANALYZER_NONNULL = YES;
				CLANG_ANALYZER_NUMBER_OBJECT_CONVERSION = YES_AGGRESSIVE;
				CLANG_CXX_LANGUAGE_STANDARD = "gnu++17";
				CLANG_ENABLE_MODULES = YES;
				CLANG_ENABLE_OBJC_ARC = YES;
				CLANG_ENABLE_OBJC_WEAK = YES;
				CLANG_WARN_BLOCK_CAPTURE_AUTORELEASING = YES;
				CLANG_WARN_BOOL_CONVERSION = YES;
				CLANG_WARN_COMMA = YES;
				CLANG_WARN_CONSTANT_CONVERSION = YES;
				CLANG_WARN_DEPRECATED_OBJC_IMPLEMENTATIONS = YES;
				CLANG_WARN_DIRECT_OBJC_ISA_USAGE = YES_ERROR;
				CLANG_WARN_DOCUMENTATION_COMMENTS = YES;
				CLANG_WARN_EMPTY_BODY = YES;
				CLANG_WARN_ENUM_CONVERSION = YES;
				CLANG_WARN_INFINITE_RECURSION = YES;
				CLANG_WARN_INT_CONVERSION = YES;
				CLANG_WARN_NON_LITERAL_NULL_CONVERSION = YES;
				CLANG_WARN_OBJC_IMPLICIT_RETAIN_SELF = YES;
				CLANG_WARN_OBJC_LITERAL_CONVERSION = YES;
				CLANG_WARN_OBJC_ROOT_CLASS = YES_ERROR;
				CLANG_WARN_QUOTED_INCLUDE_IN_FRAMEWORK_HEADER = YES;
				CLANG_WARN_RANGE_LOOP_ANALYSIS = YES;
				CLANG_WARN_STRICT_PROTOTYPES = YES;
				CLANG_WARN_SUSPICIOUS_MOVE = YES;
				CLANG_WARN_UNGUARDED_AVAILABILITY = YES_AGGRESSIVE;
				CLANG_WARN_UNREACHABLE_CODE = YES;
				CLANG_WARN__DUPLICATE_METHOD_MATCH = YES;
				COPY_PHASE_STRIP = NO;
				DEBUG_INFORMATION_FORMAT = "dwarf-with-dsym";
				ENABLE_NS_ASSERTIONS = NO;
				ENABLE_STRICT_OBJC_MSGSEND = YES;
				GCC_C_LANGUAGE_STANDARD = gnu11;
				GCC_NO_COMMON_BLOCKS = YES;
				GCC_WARN_64_TO_32_BIT_CONVERSION = YES;
				GCC_WARN_ABOUT_RETURN_TYPE = YES_ERROR;
				GCC_WARN_UNDECLARED_SELECTOR = YES;
				GCC_WARN_UNINITIALIZED_AUTOS = YES_AGGRESSIVE;
				GCC_WARN_UNUSED_FUNCTION = YES;
				GCC_WARN_UNUSED_VARIABLE = YES;
				IPHONEOS_DEPLOYMENT_TARGET = 15.5;
				MTL_ENABLE_DEBUG_INFO = NO;
				MTL_FAST_MATH = YES;
				SDKROOT = iphoneos;
				SWIFT_COMPILATION_MODE = wholemodule;
				SWIFT_OPTIMIZATION_LEVEL = "-O";
				VALIDATE_PRODUCT = YES;
			};
			name = Release;
		};
		DAD0D8AB285865B20077C3C1 /* Debug */ = {
			isa = XCBuildConfiguration;
			baseConfigurationReference = BB881AC93E4FA8A2257B603D /* Pods-GoogleMapsWrongReverseGeocoding.debug.xcconfig */;
			buildSettings = {
				ASSETCATALOG_COMPILER_APPICON_NAME = AppIcon;
				ASSETCATALOG_COMPILER_GLOBAL_ACCENT_COLOR_NAME = AccentColor;
				CODE_SIGN_STYLE = Automatic;
				CURRENT_PROJECT_VERSION = 1;
				DEVELOPMENT_TEAM = DMUALNLYRP;
				GENERATE_INFOPLIST_FILE = YES;
				INFOPLIST_FILE = GoogleMapsWrongReverseGeocoding/Info.plist;
				INFOPLIST_KEY_UIApplicationSupportsIndirectInputEvents = YES;
				INFOPLIST_KEY_UILaunchStoryboardName = LaunchScreen;
				INFOPLIST_KEY_UIMainStoryboardFile = Main;
				INFOPLIST_KEY_UISupportedInterfaceOrientations_iPad = "UIInterfaceOrientationPortrait UIInterfaceOrientationPortraitUpsideDown UIInterfaceOrientationLandscapeLeft UIInterfaceOrientationLandscapeRight";
				INFOPLIST_KEY_UISupportedInterfaceOrientations_iPhone = "UIInterfaceOrientationPortrait UIInterfaceOrientationLandscapeLeft UIInterfaceOrientationLandscapeRight";
				LD_RUNPATH_SEARCH_PATHS = (
					"$(inherited)",
					"@executable_path/Frameworks",
				);
				MARKETING_VERSION = 1.0;
				PRODUCT_BUNDLE_IDENTIFIER = "com.mdc-heetch.GoogleMapsWrongReverseGeocoding";
				PRODUCT_NAME = "$(TARGET_NAME)";
				SWIFT_EMIT_LOC_STRINGS = YES;
				SWIFT_VERSION = 5.0;
				TARGETED_DEVICE_FAMILY = "1,2";
			};
			name = Debug;
		};
		DAD0D8AC285865B20077C3C1 /* Release */ = {
			isa = XCBuildConfiguration;
			baseConfigurationReference = AA312B3FA95544D765D02A5C /* Pods-GoogleMapsWrongReverseGeocoding.release.xcconfig */;
			buildSettings = {
				ASSETCATALOG_COMPILER_APPICON_NAME = AppIcon;
				ASSETCATALOG_COMPILER_GLOBAL_ACCENT_COLOR_NAME = AccentColor;
				CODE_SIGN_STYLE = Automatic;
				CURRENT_PROJECT_VERSION = 1;
				GENERATE_INFOPLIST_FILE = YES;
				INFOPLIST_FILE = GoogleMapsWrongReverseGeocoding/Info.plist;
				INFOPLIST_KEY_UIApplicationSupportsIndirectInputEvents = YES;
				INFOPLIST_KEY_UILaunchStoryboardName = LaunchScreen;
				INFOPLIST_KEY_UIMainStoryboardFile = Main;
				INFOPLIST_KEY_UISupportedInterfaceOrientations_iPad = "UIInterfaceOrientationPortrait UIInterfaceOrientationPortraitUpsideDown UIInterfaceOrientationLandscapeLeft UIInterfaceOrientationLandscapeRight";
				INFOPLIST_KEY_UISupportedInterfaceOrientations_iPhone = "UIInterfaceOrientationPortrait UIInterfaceOrientationLandscapeLeft UIInterfaceOrientationLandscapeRight";
				LD_RUNPATH_SEARCH_PATHS = (
					"$(inherited)",
					"@executable_path/Frameworks",
				);
				MARKETING_VERSION = 1.0;
				PRODUCT_BUNDLE_IDENTIFIER = "com.mdc-heetch.GoogleMapsWrongReverseGeocoding";
				PRODUCT_NAME = "$(TARGET_NAME)";
				SWIFT_EMIT_LOC_STRINGS = YES;
				SWIFT_VERSION = 5.0;
				TARGETED_DEVICE_FAMILY = "1,2";
			};
			name = Release;
		};
/* End XCBuildConfiguration section */

/* Begin XCConfigurationList section */
		DAD0D891285865AF0077C3C1 /* Build configuration list for PBXProject "GoogleMapsWrongReverseGeocoding" */ = {
			isa = XCConfigurationList;
			buildConfigurations = (
				DAD0D8A8285865B20077C3C1 /* Debug */,
				DAD0D8A9285865B20077C3C1 /* Release */,
			);
			defaultConfigurationIsVisible = 0;
			defaultConfigurationName = Release;
		};
		DAD0D8AA285865B20077C3C1 /* Build configuration list for PBXNativeTarget "GoogleMapsWrongReverseGeocoding" */ = {
			isa = XCConfigurationList;
			buildConfigurations = (
				DAD0D8AB285865B20077C3C1 /* Debug */,
				DAD0D8AC285865B20077C3C1 /* Release */,
			);
			defaultConfigurationIsVisible = 0;
			defaultConfigurationName = Release;
		};
/* End XCConfigurationList section */
	};
	rootObject = DAD0D88E285865AF0077C3C1 /* Project object */;
}
